
Microsoft Visual Studio Solution File, Format Version 12.00
# Visual Studio Version 16
VisualStudioVersion = 16.0.30907.101
MinimumVisualStudioVersion = 10.0.40219.1
Project("{FAE04EC0-301F-11D3-BF4B-00C04F79EFBC}") = "OgrencıMvc", "OgrencıMvc\OgrencıMvc.csproj", "{DECA05F2-D28E-4723-B3ED-160C48EC3EF9}"
EndProject
Global
	GlobalSection(SolutionConfigurationPlatforms) = preSolution
		Debug|Any CPU = Debug|Any CPU
		Release|Any CPU = Release|Any CPU
	EndGlobalSection
	GlobalSection(ProjectConfigurationPlatforms) = postSolution
		{DECA05F2-D28E-4723-B3ED-160C48EC3EF9}.Debug|Any CPU.ActiveCfg = Debug|Any CPU
		{DECA05F2-D28E-4723-B3ED-160C48EC3EF9}.Debug|Any CPU.Build.0 = Debug|Any CPU
		{DECA05F2-D28E-4723-B3ED-160C48EC3EF9}.Release|Any CPU.ActiveCfg = Release|Any CPU
		{DECA05F2-D28E-4723-B3ED-160C48EC3EF9}.Release|Any CPU.Build.0 = Release|Any CPU
	EndGlobalSection
	GlobalSection(SolutionProperties) = preSolution
		HideSolutionNode = FALSE
	EndGlobalSection
	GlobalSection(ExtensibilityGlobals) = postSolution
		SolutionGuid = {FD69709A-C486-4606-BDCD-BDC3687B97A8}
	EndGlobalSection
EndGlobal
